git.fractalqb.de/fractalqb/c4hgol v0.9.0 h1:rliYMA6FvOgKN9zur7FrHpNqpKRKcQJqH7LVXsyM7CY=
git.fractalqb.de/fractalqb/c4hgol v0.9.0/go.mod h1:WaEjUnHxxec4RshLTh6cbtbzTnaYYgsK01gjrkBmuoo=
git.fractalqb.de/fractalqb/c4hgol v0.10.0 h1:Vp1c60POR9NBa2DXp5bCjiUksWQwIP3aInw1nIESQ84=
git.fractalqb.de/fractalqb/c4hgol v0.10.0/go.mod h1:WaEjUnHxxec4RshLTh6cbtbzTnaYYgsK01gjrkBmuoo=
git.fractalqb.de/fractalqb/c4qblog v0.9.0 h1:CSStzfIwzCJu+3DolOSlm6sSqh9haZS9R7CWZeMQsh8=
git.fractalqb.de/fractalqb/c4qblog v0.9.0/go.mod h1:xWovUEY5CD6RdCPOekyQRw/RVz8G2JBzt2m6rbbVohE=
git.fractalqb.de/fractalqb/c4qblog v0.9.1 h1:XJvJcaWvpUS9Q3xTtw/yWRx4f+XE5GCh1Mq31k9m1v4=
git.fractalqb.de/fractalqb/c4qblog v0.9.1/go.mod h1:xWovUEY5CD6RdCPOekyQRw/RVz8G2JBzt2m6rbbVohE=
git.fractalqb.de/fractalqb/ggja v0.8.1 h1:AYMLafP/5PlP6Ci8mbckbe2/QmdFzUPN56xdL9bv5K4=
git.fractalqb.de/fractalqb/ggja v0.8.1/go.mod h1:AIZ5hSqD4EkkA7UhzCeGfD7dS6rjs164qh1hx1B7LE8=
git.fractalqb.de/fractalqb/goxic v0.8.1 h1:UKYmX/SPLYMP0es5Y/hsYuX6oTA1JfSHa2uwP86ufW8=
git.fractalqb.de/fractalqb/goxic v0.8.1/go.mod h1:SyJ+DIJmHHFLryJQYigazHPNFaVBs4emaH0IpkGOZTk=
git.fractalqb.de/fractalqb/goxic v0.9.0 h1:ps9L73TB5SsImEjZXYUxRuRnJ57NWL48F7U3V1EfQ7Q=
git.fractalqb.de/fractalqb/goxic v0.9.0/go.mod h1:SyJ+DIJmHHFLryJQYigazHPNFaVBs4emaH0IpkGOZTk=
git.fractalqb.de/fractalqb/namemap v0.9.0 h1:XMn4MZdmi/1jUe9Sk+hfxzRcuJuTILUtCIE/w9/fFrI=
git.fractalqb.de/fractalqb/namemap v0.9.0/go.mod h1:rBF1Ar2+0lwq5A41cTfVFVpta7EU6hgipS18sIj5ZRI=
git.fractalqb.de/fractalqb/nmconv v1.0.0 h1:0uluk8m1Yq6BVQizSMl42DckknX3lZtorNwsMXqF9Z4=
git.fractalqb.de/fractalqb/nmconv v1.0.0/go.mod h1:W0ZWPoOv/Pr0aSrmu4Qt8IbXF/gFfyCG08OQLkltGks=
git.fractalqb.de/fractalqb/pack v0.5.2 h1:0sQKyBVbgMcd3qVPUj01MGwGlifvTR29gwUDFR8IeEc=
git.fractalqb.de/fractalqb/pack v0.5.2/go.mod h1:Kb+jKCjTtcJ7teLnqfGTKNbDjABQZpE/Dm0WAxqOtrg=
git.fractalqb.de/fractalqb/qblog v0.9.0 h1:3Hbj1t79z928cw0HF5qujsfCieCXUQ60x+Baurigfj0=
git.fractalqb.de/fractalqb/qblog v0.9.0/go.mod h1:cQS2sL/5ZzPpCG/vjuKBfSk540bnj+w2vtF5px89L8c=
git.fractalqb.de/fractalqb/qbsllm v0.9.0 h1:OV3cAaKon7RLtPAUkhFGfRKYN0meVfBoXS+3Wazp8oI=
git.fractalqb.de/fractalqb/qbsllm v0.9.0/go.mod h1:mWpLksxC0apCbmwgkvysaEm6fVfULMlNb3OjJSA7VNI=
git.fractalqb.de/fractalqb/sllm v0.9.0 h1:9FqsK21XFB2XVVel13j0d9xu8FqWdnemAh1xkYiVwPw=
git.fractalqb.de/fractalqb/sllm v0.9.0/go.mod h1:FlGIXCoFd6kE9FExAmiZ2CPWrUG8mRdm+fa44zOgPYI=
git.fractalqb.de/fractalqb/sllm v0.10.0 h1:qyNesnS2MlbCf73ZTROKuoqZgoXYN5DBFSRW/QJHZSE=
git.fractalqb.de/fractalqb/sllm v0.10.0/go.mod h1:FlGIXCoFd6kE9FExAmiZ2CPWrUG8mRdm+fa44zOgPYI=
git.fractalqb.de/fractalqb/xsx v0.0.0-20191112200052-067f950ee236 h1:r3oyhKTn1kgq6Chg/8Y4kA3Ac8BMPRGJgrSpWzDSLIQ=
git.fractalqb.de/fractalqb/xsx v0.0.0-20191112200052-067f950ee236/go.mod h1:COyDfUOWSzAYlD4gtqtJoVxo6daPSuDzU4+3u2SuEIM=
git.fractalqb.de/fractalqb/xsx v0.7.0 h1:Lfs4cr5Ab8UNCDAeMfz9WpQPehr471Szb284/JIWUF8=
git.fractalqb.de/fractalqb/xsx v0.7.0/go.mod h1:COyDfUOWSzAYlD4gtqtJoVxo6daPSuDzU4+3u2SuEIM=
github.com/BurntSushi/toml v0.3.1/go.mod h1:xHWCNGjB5oqiDr8zfno3MHue2Ht5sIBksp03qcyfWMU=
github.com/CmdrVasquess/watched v0.3.0 h1:KQGiYtWOVpUWe50EiJdlEguWwHb5D7h8brJ1XNtIaBQ=
github.com/CmdrVasquess/watched v0.3.0/go.mod h1:OPGeC4eBS/dcs2Fj67h/LEoSgo2HeAiu2xB9Ob8BnUk=
github.com/anthonynsimon/bild v0.11.1 h1:gsfSwed1Zlk3lwQTA202qwJM6mzzXCX/i0Pbv2igfDY=
github.com/anthonynsimon/bild v0.11.1/go.mod h1:tpzzp0aYkAsMi1zmfhimaDyX1xjn2OUc1AJZK/TF0AE=
github.com/armon/consul-api v0.0.0-20180202201655-eb2c6b5be1b6/go.mod h1:grANhF5doyWs3UAsr3K4I6qtAmlQcZDesFNEHPZAzj8=
github.com/coreos/etcd v3.3.10+incompatible/go.mod h1:uF7uidLiAD3TWHmW31ZFd/JWoc32PjwdhPthX9715RE=
github.com/coreos/go-etcd v2.0.0+incompatible/go.mod h1:Jez6KQU2B/sWsbdaef3ED8NzMklzPG4d5KIOhIy30Tk=
github.com/coreos/go-semver v0.2.0/go.mod h1:nnelYz7RCh+5ahJtPPxZlU+153eP4D4r3EedlOD2RNk=
github.com/cpuguy83/go-md2man v1.0.10/go.mod h1:SmD6nW6nTyfqj6ABTjUi3V3JVMnlJmwcJI5acqYI6dE=
github.com/davecgh/go-spew v1.1.1/go.mod h1:J7Y8YcW2NihsgmVo/mv3lAwl/skON4iLHjSsI+c5H38=
github.com/denisenkom/go-mssqldb v0.0.0-20191124224453-732737034ffd h1:83Wprp6ROGeiHFAP8WJdI2RoxALQYgdllERc3N5N2DM=
github.com/denisenkom/go-mssqldb v0.0.0-20191124224453-732737034ffd/go.mod h1:xbL0rPBG9cCiLr28tMa8zpbdarY27NDyej4t/EjAShU=
github.com/erikstmartin/go-testdb v0.0.0-20160219214506-8d10e4a1bae5 h1:Yzb9+7DPaBjB8zlTR87/ElzFsnQfuHnVUVqpZZIcV5Y=
github.com/erikstmartin/go-testdb v0.0.0-20160219214506-8d10e4a1bae5/go.mod h1:a2zkGnVExMxdzMo3M0Hi/3sEU+cWnZpSni0O6/Yb/P0=
github.com/fsnotify/fsnotify v1.4.7 h1:IXs+QLmnXW2CcXuY+8Mzv/fWEsPGWxqefPtCP5CnV9I=
github.com/fsnotify/fsnotify v1.4.7/go.mod h1:jwhsz4b93w/PPRr/qN1Yymfu8t87LnFCMoQvtojpjFo=
github.com/fsnotify/fsnotify v1.4.9 h1:hsms1Qyu0jgnwNXIxa+/V/PDsU6CfLf6CNO8H7IWoS4=
github.com/fsnotify/fsnotify v1.4.9/go.mod h1:znqG4EE+3YCdAaPaxE2ZRY/06pZUdp0tY4IgpuI1SZQ=
github.com/go-sql-driver/mysql v1.4.1 h1:g24URVg0OFbNUTx9qqY1IRZ9D9z3iPyi5zKhQZpNwpA=
github.com/go-sql-driver/mysql v1.4.1/go.mod h1:zAC/RDZ24gD3HViQzih4MyKcchzm+sOG5ZlKdlhCg5w=
github.com/gofrs/uuid v3.2.0+incompatible h1:y12jRkkFxsd7GpqdSZ+/KCs/fJbqpEXSGd4+jfEaewE=
github.com/gofrs/uuid v3.2.0+incompatible/go.mod h1:b2aQJv3Z4Fp6yNu3cdSllBxTCLRxnplIgP/c0N/04lM=
github.com/gofrs/uuid v3.3.0+incompatible h1:8K4tyRfvU1CYPgJsveYFQMhpFd/wXNM7iK6rR7UHz84=
github.com/gofrs/uuid v3.3.0+incompatible/go.mod h1:b2aQJv3Z4Fp6yNu3cdSllBxTCLRxnplIgP/c0N/04lM=
github.com/golang-sql/civil v0.0.0-20190719163853-cb61b32ac6fe h1:lXe2qZdvpiX5WZkZR4hgp4KJVfY3nMkvmwbVkpv1rVY=
github.com/golang-sql/civil v0.0.0-20190719163853-cb61b32ac6fe/go.mod h1:8vg3r2VgvsThLBIFL93Qb5yWzgyZWhEmBwUJWevAkK0=
github.com/golang/protobuf v1.2.0/go.mod h1:6lQm79b+lXiMfvg/cZm0SGofjICqVBUtrP5yJMmIC1U=
github.com/gonutz/w32 v1.0.0 h1:3t1z6ZfkFvirjFYBx9pHeHBuKoN/VBVk9yHb/m2Ll/k=
github.com/gonutz/w32 v1.0.0/go.mod h1:Rc/YP5K9gv0FW4p6X9qL3E7Y56lfMflEol1fLElfMW4=
github.com/gorilla/websocket v1.4.2 h1:+/TMaTYc4QFitKJxsQ7Yye35DkWvkdLcvGKqM+x0Ufc=
github.com/gorilla/websocket v1.4.2/go.mod h1:YR8l580nyteQvAITg2hZ9XVh4b55+EU/adAjf1fMHhE=
github.com/hashicorp/hcl v1.0.0/go.mod h1:E5yfLk+7swimpb2L/Alb/PJmXilQ/rhwaUYs4T20WEQ=
github.com/inconshreveable/mousetrap v1.0.0/go.mod h1:PxqpIevigyE2G7u3NXJIT2ANytuPF1OarO4DADm73n8=
github.com/jinzhu/gorm v1.9.12 h1:Drgk1clyWT9t9ERbzHza6Mj/8FY/CqMyVzOiHviMo6Q=
github.com/jinzhu/gorm v1.9.12/go.mod h1:vhTjlKSJUTWNtcbQtrMBFCxy7eXTzeCAzfL5fBZT/Qs=
github.com/jinzhu/inflection v1.0.0 h1:K317FqzuhWc8YvSVlFMCCUb36O/S9MCKRDI7QkRKD/E=
github.com/jinzhu/inflection v1.0.0/go.mod h1:h+uFLlag+Qp1Va5pdKtLDYj+kHp5pxUVkryuEj+Srlc=
github.com/jinzhu/now v1.0.1 h1:HjfetcXq097iXP0uoPCdnM4Efp5/9MsM0/M+XOTeR3M=
github.com/jinzhu/now v1.0.1/go.mod h1:d3SSVoowX0Lcu0IBviAWJpolVfI5UJVZZ7cO71lE/z8=
github.com/kr/pretty v0.1.0 h1:L/CwN0zerZDmRFUapSPitk6f+Q3+0za1rQkzVuMiMFI=
github.com/kr/pretty v0.1.0/go.mod h1:dAy3ld7l9f0ibDNOQOHHMYYIIbhfbHSm3C4ZsoJORNo=
github.com/kr/pty v1.1.1/go.mod h1:pFQYn66WHrOpPYNljwOMqo10TkYh1fy3cYio2l3bCsQ=
github.com/kr/text v0.1.0 h1:45sCR5RtlFHMR4UwH9sdQ5TC8v0qDQCHnXt+kaKSTVE=
github.com/kr/text v0.1.0/go.mod h1:4Jbv+DJW3UT/LiOwJeYQe1efqtUx/iVham/4vfdArNI=
github.com/lib/pq v1.1.1 h1:sJZmqHoEaY7f+NPP8pgLB/WxulyR3fewgCM2qaSlBb4=
github.com/lib/pq v1.1.1/go.mod h1:5WUZQaWbwv1U+lTReE5YruASi9Al49XbQIvNi/34Woo=
github.com/magiconair/properties v1.8.0/go.mod h1:PppfXfuXeibc/6YijjN8zIbojt8czPbwD3XqdrwzmxQ=
github.com/mattn/go-sqlite3 v2.0.1+incompatible/go.mod h1:FPy6KqzDD04eiIsT53CuJW3U88zkxoIYsOqkbpncsNc=
github.com/mattn/go-sqlite3 v2.0.3+incompatible h1:gXHsfypPkaMZrKbD5209QV9jbUTJKjyR5WD3HYQSd+U=
github.com/mattn/go-sqlite3 v2.0.3+incompatible/go.mod h1:FPy6KqzDD04eiIsT53CuJW3U88zkxoIYsOqkbpncsNc=
github.com/mitchellh/go-homedir v1.1.0/go.mod h1:SfyaCUpYCn1Vlf4IUYiD9fPX4A5wJrkLzIz1N1q0pr0=
github.com/mitchellh/mapstructure v1.1.2/go.mod h1:FVVH3fgwuzCH5S8UJGiWEs2h04kUh9fWfEaFds41c1Y=
github.com/muesli/smartcrop v0.3.0 h1:JTlSkmxWg/oQ1TcLDoypuirdE8Y/jzNirQeLkxpA6Oc=
github.com/muesli/smartcrop v0.3.0/go.mod h1:i2fCI/UorTfgEpPPLWiFBv4pye+YAG78RwcQLUkocpI=
github.com/nfnt/resize v0.0.0-20180221191011-83c6a9932646 h1:zYyBkD/k9seD2A7fsi6Oo2LfFZAehjjQMERAvZLEDnQ=
github.com/nfnt/resize v0.0.0-20180221191011-83c6a9932646/go.mod h1:jpp1/29i3P1S/RLdc7JQKbRpFeM1dOBd8T9ki5s+AY8=
github.com/pelletier/go-toml v1.2.0/go.mod h1:5z9KED0ma1S8pY6P1sdut58dfprrGBbd/94hg7ilaic=
github.com/pmezard/go-difflib v1.0.0/go.mod h1:iKH77koFhYxTK1pcRnkKkqfTogsbg7gZNVY4sRDYZ/4=
github.com/russross/blackfriday v1.5.2/go.mod h1:JO/DiYxRf+HjHt06OyowR9PTA263kcR/rfWxYHBV53g=
github.com/spf13/afero v1.1.2/go.mod h1:j4pytiNVoe2o6bmDsKpLACNPDBIoEAkihy7loJ1B0CQ=
github.com/spf13/cast v1.3.0/go.mod h1:Qx5cxh0v+4UWYiBimWS+eyWzqEqokIECu5etghLkUJE=
github.com/spf13/cobra v0.0.5/go.mod h1:3K3wKZymM7VvHMDS9+Akkh4K60UwM26emMESw8tLCHU=
github.com/spf13/jwalterweatherman v1.0.0/go.mod h1:cQK4TGJAtQXfYWX+Ddv3mKDzgVb68N+wFjFa4jdeBTo=
github.com/spf13/pflag v1.0.3/go.mod h1:DYY7MBk1bdzusC3SYhjObp+wFpr4gzcvqqNjLnInEg4=
github.com/spf13/viper v1.3.2/go.mod h1:ZiWeW+zYFKm7srdB9IoDzzZXaJaI5eL9QjNiN/DMA2s=
github.com/stretchr/testify v1.2.2/go.mod h1:a8OnRcib4nhh0OaRAV+Yts87kKdq0PP7pXfy6kDkUVs=
github.com/stvp/assert v0.0.0-20170616060220-4bc16443988b h1:GlTM/aMVIwU3luIuSN2SIVRuTqGPt1P97YxAi514ulw=
github.com/stvp/assert v0.0.0-20170616060220-4bc16443988b/go.mod h1:CC7OXV9IjEZRA+znA6/Kz5vbSwh69QioernOHeDCatU=
github.com/ugorji/go/codec v0.0.0-20181204163529-d75b2dcb6bc8/go.mod h1:VFNgLljTbGfSG7qAOspJ7OScBnGdDN/yBr0sguwnwf0=
github.com/xordataexchange/crypt v0.0.3-0.20170626215501-b2862e3d0a77/go.mod h1:aYKd//L2LvnjZzWKhF00oedf4jCCReLcmhLdhm1A27Q=
go.etcd.io/bbolt v1.3.4 h1:hi1bXHMVrlQh6WwxAy+qZCV/SYIlqo+Ushwdpa4tAKg=
go.etcd.io/bbolt v1.3.4/go.mod h1:G5EMThwa9y8QZGBClrRx5EY+Yw9kAhnjy3bSjsnlVTQ=
golang.org/x/crypto v0.0.0-20181203042331-505ab145d0a9/go.mod h1:6SG95UA2DQfeDnfUPMdvaQW0Q7yPrPDi9nlGo2tz2b4=
golang.org/x/crypto v0.0.0-20190308221718-c2843e01d9a2/go.mod h1:djNgcEr1/C05ACkg1iLfiJU5Ep61QUkGW8qpdssI0+w=
golang.org/x/crypto v0.0.0-20190325154230-a5d413f7728c h1:Vj5n4GlwjmQteupaxJ9+0FNOmBrHfq7vN4btdGoDZgI=
golang.org/x/crypto v0.0.0-20190325154230-a5d413f7728c/go.mod h1:djNgcEr1/C05ACkg1iLfiJU5Ep61QUkGW8qpdssI0+w=
golang.org/x/crypto v0.0.0-20191205180655-e7c4368fe9dd h1:GGJVjV8waZKRHrgwvtH66z9ZGVurTD1MT0n1Bb+q4aM=
golang.org/x/crypto v0.0.0-20191205180655-e7c4368fe9dd/go.mod h1:LzIPMQfyMNhhGPhUkYOs5KpL4U8rLKemX1yGLhDgUto=
golang.org/x/image v0.0.0-20190703141733-d6a02ce849c9 h1:uc17S921SPw5F2gJo7slQ3aqvr2RwpL7eb3+DZncu3s=
golang.org/x/image v0.0.0-20190703141733-d6a02ce849c9/go.mod h1:FeLwcggjj3mMvU+oOTbSwawSJRM1uh48EjtB4UJZlP0=
golang.org/x/net v0.0.0-20180724234803-3673e40ba225/go.mod h1:mL1N/T3taQHkDXs73rZJwtUhF3w3ftmwwsq0BUmARs4=
golang.org/x/net v0.0.0-20190404232315-eb5bcb51f2a3/go.mod h1:t9HGtf8HONx5eT2rtn7q6eTqICYqUVnKs3thJo3Qplg=
golang.org/x/sys v0.0.0-20181205085412-a5c9d58dba9a/go.mod h1:STP8DvDyc/dI5b8T5hshtkjS+E42TnysNCUPdjciGhY=
golang.org/x/sys v0.0.0-20190215142949-d0b11bdaac8a/go.mod h1:STP8DvDyc/dI5b8T5hshtkjS+E42TnysNCUPdjciGhY=
golang.org/x/sys v0.0.0-20190412213103-97732733099d/go.mod h1:h1NjWce9XRLGQEsW7wpKNCjG9DtNlClVuFLEZdDNbEs=
golang.org/x/sys v0.0.0-20190913121621-c3b328c6e5a7 h1:wYqz/tQaWUgGKyx+B/rssSE6wkIKdY5Ee6ryOmzarIg=
golang.org/x/sys v0.0.0-20190913121621-c3b328c6e5a7/go.mod h1:h1NjWce9XRLGQEsW7wpKNCjG9DtNlClVuFLEZdDNbEs=
golang.org/x/sys v0.0.0-20191005200804-aed5e4c7ecf9/go.mod h1:h1NjWce9XRLGQEsW7wpKNCjG9DtNlClVuFLEZdDNbEs=
golang.org/x/sys v0.0.0-20200202164722-d101bd2416d5/go.mod h1:h1NjWce9XRLGQEsW7wpKNCjG9DtNlClVuFLEZdDNbEs=
golang.org/x/sys v0.0.0-20200501052902-10377860bb8e h1:hq86ru83GdWTlfQFZGO4nZJTU4Bs2wfHl8oFHRaXsfc=
golang.org/x/sys v0.0.0-20200501052902-10377860bb8e/go.mod h1:h1NjWce9XRLGQEsW7wpKNCjG9DtNlClVuFLEZdDNbEs=
golang.org/x/sys v0.0.0-20200515095857-1151b9dac4a9 h1:YTzHMGlqJu67/uEo1lBv0n3wBXhXNeUbB1XfN2vmTm0=
golang.org/x/sys v0.0.0-20200515095857-1151b9dac4a9/go.mod h1:h1NjWce9XRLGQEsW7wpKNCjG9DtNlClVuFLEZdDNbEs=
golang.org/x/text v0.3.0/go.mod h1:NqM8EUOU14njkJ3fqMW+pc6Ldnwhi/IjpwHt7yyuwOQ=
golang.org/x/text v0.3.2/go.mod h1:bEr9sfX3Q8Zfm5fL9x+3itogRgK3+ptLWKqgva+5dAk=
golang.org/x/tools v0.0.0-20180917221912-90fa682c2a6e/go.mod h1:n7NCudcB/nEzxVGmLbDWY5pfWTLqBcC2KZ6jyYvM4mQ=
google.golang.org/appengine v1.4.0 h1:/wp5JvzpHIxhs/dumFmF7BXTf3Z+dd4uXta4kVyO508=
google.golang.org/appengine v1.4.0/go.mod h1:xpcJRLb0r/rnEns0DIKYYv+WjYCduHsrkT7/EB5XEv4=
gopkg.in/check.v1 v0.0.0-20161208181325-20d25e280405/go.mod h1:Co6ibVJAznAaIkqp8huTwlJQCZ016jof/cbN4VW5Yz0=
gopkg.in/yaml.v2 v2.2.2/go.mod h1:hI93XBmqTisBFMUTm0b8Fm+jr3Dg1NNxqwp+5A1VGuI=
